// !$*UTF8*$!
{
	archiveVersion = 1;
	classes = {
	};
	objectVersion = 46;
	objects = {

/* Begin PBXBuildFile section */
		6E8964621B10F55B00EACD7A /* main.m in Sources */ = {isa = PBXBuildFile; fileRef = 6E8964611B10F55B00EACD7A /* main.m */; };
		6E8964651B10F55B00EACD7A /* AppDelegate.m in Sources */ = {isa = PBXBuildFile; fileRef = 6E8964641B10F55B00EACD7A /* AppDelegate.m */; };
		6E8964681B10F55B00EACD7A /* ViewController.m in Sources */ = {isa = PBXBuildFile; fileRef = 6E8964671B10F55B00EACD7A /* ViewController.m */; };
		6E89646B1B10F55B00EACD7A /* Main.storyboard in Resources */ = {isa = PBXBuildFile; fileRef = 6E8964691B10F55B00EACD7A /* Main.storyboard */; };
		6E89646D1B10F55B00EACD7A /* Images.xcassets in Resources */ = {isa = PBXBuildFile; fileRef = 6E89646C1B10F55B00EACD7A /* Images.xcassets */; };
		6E8964701B10F55B00EACD7A /* LaunchScreen.xib in Resources */ = {isa = PBXBuildFile; fileRef = 6E89646E1B10F55B00EACD7A /* LaunchScreen.xib */; };
		6E89647C1B10F55B00EACD7A /* MinhaLocalizacaoTests.m in Sources */ = {isa = PBXBuildFile; fileRef = 6E89647B1B10F55B00EACD7A /* MinhaLocalizacaoTests.m */; };
		6E8964871B10F58000EACD7A /* CoreLocation.framework in Frameworks */ = {isa = PBXBuildFile; fileRef = 6E8964861B10F58000EACD7A /* CoreLocation.framework */; };
		6E8964891B10F58500EACD7A /* MapKit.framework in Frameworks */ = {isa = PBXBuildFile; fileRef = 6E8964881B10F58500EACD7A /* MapKit.framework */; };
/* End PBXBuildFile section */

/* Begin PBXContainerItemProxy section */
		6E8964761B10F55B00EACD7A /* PBXContainerItemProxy */ = {
			isa = PBXContainerItemProxy;
			containerPortal = 6E8964541B10F55B00EACD7A /* Project object */;
			proxyType = 1;
			remoteGlobalIDString = 6E89645B1B10F55B00EACD7A;
			remoteInfo = MinhaLocalizacao;
		};
/* End PBXContainerItemProxy section */

/* Begin PBXFileReference section */
		6E89645C1B10F55B00EACD7A /* MinhaLocalizacao.app */ = {isa = PBXFileReference; explicitFileType = wrapper.application; includeInIndex = 0; path = MinhaLocalizacao.app; sourceTree = BUILT_PRODUCTS_DIR; };
		6E8964601B10F55B00EACD7A /* Info.plist */ = {isa = PBXFileReference; lastKnownFileType = text.plist.xml; path = Info.plist; sourceTree = "<group>"; };
		6E8964611B10F55B00EACD7A /* main.m */ = {isa = PBXFileReference; lastKnownFileType = sourcecode.c.objc; path = main.m; sourceTree = "<group>"; };
		6E8964631B10F55B00EACD7A /* AppDelegate.h */ = {isa = PBXFileReference; lastKnownFileType = sourcecode.c.h; path = AppDelegate.h; sourceTree = "<group>"; };
		6E8964641B10F55B00EACD7A /* AppDelegate.m */ = {isa = PBXFileReference; lastKnownFileType = sourcecode.c.objc; path = AppDelegate.m; sourceTree = "<group>"; };
		6E8964661B10F55B00EACD7A /* ViewController.h */ = {isa = PBXFileReference; lastKnownFileType = sourcecode.c.h; path = ViewController.h; sourceTree = "<group>"; };
		6E8964671B10F55B00EACD7A /* ViewController.m */ = {isa = PBXFileReference; lastKnownFileType = sourcecode.c.objc; path = ViewController.m; sourceTree = "<group>"; };
		6E89646A1B10F55B00EACD7A /* Base */ = {isa = PBXFileReference; lastKnownFileType = file.storyboard; name = Base; path = Base.lproj/Main.storyboard; sourceTree = "<group>"; };
		6E89646C1B10F55B00EACD7A /* Images.xcassets */ = {isa = PBXFileReference; lastKnownFileType = folder.assetcatalog; path = Images.xcassets; sourceTree = "<group>"; };
		6E89646F1B10F55B00EACD7A /* Base */ = {isa = PBXFileReference; lastKnownFileType = file.xib; name = Base; path = Base.lproj/LaunchScreen.xib; sourceTree = "<group>"; };
		6E8964751B10F55B00EACD7A /* MinhaLocalizacaoTests.xctest */ = {isa = PBXFileReference; explicitFileType = wrapper.cfbundle; includeInIndex = 0; path = MinhaLocalizacaoTests.xctest; sourceTree = BUILT_PRODUCTS_DIR; };
		6E89647A1B10F55B00EACD7A /* Info.plist */ = {isa = PBXFileReference; lastKnownFileType = text.plist.xml; path = Info.plist; sourceTree = "<group>"; };
		6E89647B1B10F55B00EACD7A /* MinhaLocalizacaoTests.m */ = {isa = PBXFileReference; lastKnownFileType = sourcecode.c.objc; path = MinhaLocalizacaoTests.m; sourceTree = "<group>"; };
		6E8964861B10F58000EACD7A /* CoreLocation.framework */ = {isa = PBXFileReference; lastKnownFileType = wrapper.framework; name = CoreLocation.framework; path = System/Library/Frameworks/CoreLocation.framework; sourceTree = SDKROOT; };
		6E8964881B10F58500EACD7A /* MapKit.framework */ = {isa = PBXFileReference; lastKnownFileType = wrapper.framework; name = MapKit.framework; path = System/Library/Frameworks/MapKit.framework; sourceTree = SDKROOT; };
/* End PBXFileReference section */

/* Begin PBXFrameworksBuildPhase section */
		6E8964591B10F55B00EACD7A /* Frameworks */ = {
			isa = PBXFrameworksBuildPhase;
			buildActionMask = 2147483647;
			files = (
				6E8964891B10F58500EACD7A /* MapKit.framework in Frameworks */,
				6E8964871B10F58000EACD7A /* CoreLocation.framework in Frameworks */,
			);
			runOnlyForDeploymentPostprocessing = 0;
		};
		6E8964721B10F55B00EACD7A /* Frameworks */ = {
			isa = PBXFrameworksBuildPhase;
			buildActionMask = 2147483647;
			files = (
			);
			runOnlyForDeploymentPostprocessing = 0;
		};
/* End PBXFrameworksBuildPhase section */

/* Begin PBXGroup section */
		6E8964531B10F55B00EACD7A = {
			isa = PBXGroup;
			children = (
				6E8964851B10F56E00EACD7A /* Frameworks */,
				6E89645E1B10F55B00EACD7A /* MinhaLocalizacao */,
				6E8964781B10F55B00EACD7A /* MinhaLocalizacaoTests */,
				6E89645D1B10F55B00EACD7A /* Products */,
			);
			sourceTree = "<group>";
		};
		6E89645D1B10F55B00EACD7A /* Products */ = {
			isa = PBXGroup;
			children = (
				6E89645C1B10F55B00EACD7A /* MinhaLocalizacao.app */,
				6E8964751B10F55B00EACD7A /* MinhaLocalizacaoTests.xctest */,
			);
			name = Products;
			sourceTree = "<group>";
		};
		6E89645E1B10F55B00EACD7A /* MinhaLocalizacao */ = {
			isa = PBXGroup;
			children = (
				6E8964631B10F55B00EACD7A /* AppDelegate.h */,
				6E8964641B10F55B00EACD7A /* AppDelegate.m */,
				6E8964661B10F55B00EACD7A /* ViewController.h */,
				6E8964671B10F55B00EACD7A /* ViewController.m */,
				6E8964691B10F55B00EACD7A /* Main.storyboard */,
				6E89646C1B10F55B00EACD7A /* Images.xcassets */,
				6E89646E1B10F55B00EACD7A /* LaunchScreen.xib */,
				6E89645F1B10F55B00EACD7A /* Supporting Files */,
			);
			path = MinhaLocalizacao;
			sourceTree = "<group>";
		};
		6E89645F1B10F55B00EACD7A /* Supporting Files */ = {
			isa = PBXGroup;
			children = (
				6E8964601B10F55B00EACD7A /* Info.plist */,
				6E8964611B10F55B00EACD7A /* main.m */,
			);
			name = "Supporting Files";
			sourceTree = "<group>";
		};
		6E8964781B10F55B00EACD7A /* MinhaLocalizacaoTests */ = {
			isa = PBXGroup;
			children = (
				6E89647B1B10F55B00EACD7A /* MinhaLocalizacaoTests.m */,
				6E8964791B10F55B00EACD7A /* Supporting Files */,
			);
			path = MinhaLocalizacaoTests;
			sourceTree = "<group>";
		};
		6E8964791B10F55B00EACD7A /* Supporting Files */ = {
			isa = PBXGroup;
			children = (
				6E89647A1B10F55B00EACD7A /* Info.plist */,
			);
			name = "Supporting Files";
			sourceTree = "<group>";
		};
		6E8964851B10F56E00EACD7A /* Frameworks */ = {
			isa = PBXGroup;
			children = (
				6E8964881B10F58500EACD7A /* MapKit.framework */,
				6E8964861B10F58000EACD7A /* CoreLocation.framework */,
			);
			name = Frameworks;
			sourceTree = "<group>";
		};
/* End PBXGroup section */

/* Begin PBXNativeTarget section */
		6E89645B1B10F55B00EACD7A /* MinhaLocalizacao */ = {
			isa = PBXNativeTarget;
			buildConfigurationList = 6E89647F1B10F55B00EACD7A /* Build configuration list for PBXNativeTarget "MinhaLocalizacao" */;
			buildPhases = (
				6E8964581B10F55B00EACD7A /* Sources */,
				6E8964591B10F55B00EACD7A /* Frameworks */,
				6E89645A1B10F55B00EACD7A /* Resources */,
			);
			buildRules = (
			);
			dependencies = (
			);
			name = MinhaLocalizacao;
			productName = MinhaLocalizacao;
			productReference = 6E89645C1B10F55B00EACD7A /* MinhaLocalizacao.app */;
			productType = "com.apple.product-type.application";
		};
		6E8964741B10F55B00EACD7A /* MinhaLocalizacaoTests */ = {
			isa = PBXNativeTarget;
			buildConfigurationList = 6E8964821B10F55B00EACD7A /* Build configuration list for PBXNativeTarget "MinhaLocalizacaoTests" */;
			buildPhases = (
				6E8964711B10F55B00EACD7A /* Sources */,
				6E8964721B10F55B00EACD7A /* Frameworks */,
				6E8964731B10F55B00EACD7A /* Resources */,
			);
			buildRules = (
			);
			dependencies = (
				6E8964771B10F55B00EACD7A /* PBXTargetDependency */,
			);
			name = MinhaLocalizacaoTests;
			productName = MinhaLocalizacaoTests;
			productReference = 6E8964751B10F55B00EACD7A /* MinhaLocalizacaoTests.xctest */;
			productType = "com.apple.product-type.bundle.unit-test";
		};
/* End PBXNativeTarget section */

/* Begin PBXProject section */
		6E8964541B10F55B00EACD7A /* Project object */ = {
			isa = PBXProject;
			attributes = {
				LastUpgradeCheck = 0630;
				ORGANIZATIONNAME = "Clice Romão";
				TargetAttributes = {
					6E89645B1B10F55B00EACD7A = {
						CreatedOnToolsVersion = 6.3.2;
					};
					6E8964741B10F55B00EACD7A = {
						CreatedOnToolsVersion = 6.3.2;
						TestTargetID = 6E89645B1B10F55B00EACD7A;
					};
				};
			};
			buildConfigurationList = 6E8964571B10F55B00EACD7A /* Build configuration list for PBXProject "MinhaLocalizacao" */;
			compatibilityVersion = "Xcode 3.2";
			developmentRegion = English;
			hasScannedForEncodings = 0;
			knownRegions = (
				en,
				Base,
			);
			mainGroup = 6E8964531B10F55B00EACD7A;
			productRefGroup = 6E89645D1B10F55B00EACD7A /* Products */;
			projectDirPath = "";
			projectRoot = "";
			targets = (
				6E89645B1B10F55B00EACD7A /* MinhaLocalizacao */,
				6E8964741B10F55B00EACD7A /* MinhaLocalizacaoTests */,
			);
		};
/* End PBXProject section */

/* Begin PBXResourcesBuildPhase section */
		6E89645A1B10F55B00EACD7A /* Resources */ = {
			isa = PBXResourcesBuildPhase;
			buildActionMask = 2147483647;
			files = (
				6E89646B1B10F55B00EACD7A /* Main.storyboard in Resources */,
				6E8964701B10F55B00EACD7A /* LaunchScreen.xib in Resources */,
				6E89646D1B10F55B00EACD7A /* Images.xcassets in Resources */,
			);
			runOnlyForDeploymentPostprocessing = 0;
		};
		6E8964731B10F55B00EACD7A /* Resources */ = {
			isa = PBXResourcesBuildPhase;
			buildActionMask = 2147483647;
			files = (
			);
			runOnlyForDeploymentPostprocessing = 0;
		};
/* End PBXResourcesBuildPhase section */

/* Begin PBXSourcesBuildPhase section */
		6E8964581B10F55B00EACD7A /* Sources */ = {
			isa = PBXSourcesBuildPhase;
			buildActionMask = 2147483647;
			files = (
				6E8964681B10F55B00EACD7A /* ViewController.m in Sources */,
				6E8964651B10F55B00EACD7A /* AppDelegate.m in Sources */,
				6E8964621B10F55B00EACD7A /* main.m in Sources */,
			);
			runOnlyForDeploymentPostprocessing = 0;
		};
		6E8964711B10F55B00EACD7A /* Sources */ = {
			isa = PBXSourcesBuildPhase;
			buildActionMask = 2147483647;
			files = (
				6E89647C1B10F55B00EACD7A /* MinhaLocalizacaoTests.m in Sources */,
			);
			runOnlyForDeploymentPostprocessing = 0;
		};
/* End PBXSourcesBuildPhase section */

/* Begin PBXTargetDependency section */
		6E8964771B10F55B00EACD7A /* PBXTargetDependency */ = {
			isa = PBXTargetDependency;
			target = 6E89645B1B10F55B00EACD7A /* MinhaLocalizacao */;
			targetProxy = 6E8964761B10F55B00EACD7A /* PBXContainerItemProxy */;
		};
/* End PBXTargetDependency section */

/* Begin PBXVariantGroup section */
		6E8964691B10F55B00EACD7A /* Main.storyboard */ = {
			isa = PBXVariantGroup;
			children = (
				6E89646A1B10F55B00EACD7A /* Base */,
			);
			name = Main.storyboard;
			sourceTree = "<group>";
		};
		6E89646E1B10F55B00EACD7A /* LaunchScreen.xib */ = {
			isa = PBXVariantGroup;
			children = (
				6E89646F1B10F55B00EACD7A /* Base */,
			);
			name = LaunchScreen.xib;
			sourceTree = "<group>";
		};
/* End PBXVariantGroup section */

/* Begin XCBuildConfiguration section */
		6E89647D1B10F55B00EACD7A /* Debug */ = {
			isa = XCBuildConfiguration;
			buildSettings = {
				ALWAYS_SEARCH_USER_PATHS = NO;
				CLANG_CXX_LANGUAGE_STANDARD = "gnu++0x";
				CLANG_CXX_LIBRARY = "libc++";
				CLANG_ENABLE_MODULES = YES;
				CLANG_ENABLE_OBJC_ARC = YES;
				CLANG_WARN_BOOL_CONVERSION = YES;
				CLANG_WARN_CONSTANT_CONVERSION = YES;
				CLANG_WARN_DIRECT_OBJC_ISA_USAGE = YES_ERROR;
				CLANG_WARN_EMPTY_BODY = YES;
				CLANG_WARN_ENUM_CONVERSION = YES;
				CLANG_WARN_INT_CONVERSION = YES;
				CLANG_WARN_OBJC_ROOT_CLASS = YES_ERROR;
				CLANG_WARN_UNREACHABLE_CODE = YES;
				CLANG_WARN__DUPLICATE_METHOD_MATCH = YES;
				"CODE_SIGN_IDENTITY[sdk=iphoneos*]" = "iPhone Developer";
				COPY_PHASE_STRIP = NO;
				DEBUG_INFORMATION_FORMAT = "dwarf-with-dsym";
				ENABLE_STRICT_OBJC_MSGSEND = YES;
				GCC_C_LANGUAGE_STANDARD = gnu99;
				GCC_DYNAMIC_NO_PIC = NO;
				GCC_NO_COMMON_BLOCKS = YES;
				GCC_OPTIMIZATION_LEVEL = 0;
				GCC_PREPROCESSOR_DEFINITIONS = (
					"DEBUG=1",
					"$(inherited)",
				);
				GCC_SYMBOLS_PRIVATE_EXTERN = NO;
				GCC_WARN_64_TO_32_BIT_CONVERSION = YES;
				GCC_WARN_ABOUT_RETURN_TYPE = YES_ERROR;
				GCC_WARN_UNDECLARED_SELECTOR = YES;
				GCC_WARN_UNINITIALIZED_AUTOS = YES_AGGRESSIVE;
				GCC_WARN_UNUSED_FUNCTION = YES;
				GCC_WARN_UNUSED_VARIABLE = YES;
				IPHONEOS_DEPLOYMENT_TARGET = 8.3;
				MTL_ENABLE_DEBUG_INFO = YES;
				ONLY_ACTIVE_ARCH = YES;
				SDKROOT = iphoneos;
			};
			name = Debug;
		};
		6E89647E1B10F55B00EACD7A /* Release */ = {
			isa = XCBuildConfiguration;
			buildSettings = {
				ALWAYS_SEARCH_USER_PATHS = NO;
				CLANG_CXX_LANGUAGE_STANDARD = "gnu++0x";
				CLANG_CXX_LIBRARY = "libc++";
				CLANG_ENABLE_MODULES = YES;
				CLANG_ENABLE_OBJC_ARC = YES;
				CLANG_WARN_BOOL_CONVERSION = YES;
				CLANG_WARN_CONSTANT_CONVERSION = YES;
				CLANG_WARN_DIRECT_OBJC_ISA_USAGE = YES_ERROR;
				CLANG_WARN_EMPTY_BODY = YES;
				CLANG_WARN_ENUM_CONVERSION = YES;
				CLANG_WARN_INT_CONVERSION = YES;
				CLANG_WARN_OBJC_ROOT_CLASS = YES_ERROR;
				CLANG_WARN_UNREACHABLE_CODE = YES;
				CLANG_WARN__DUPLICATE_METHOD_MATCH = YES;
				"CODE_SIGN_IDENTITY[sdk=iphoneos*]" = "iPhone Developer";
				COPY_PHASE_STRIP = NO;
				DEBUG_INFORMATION_FORMAT = "dwarf-with-dsym";
				ENABLE_NS_ASSERTIONS = NO;
				ENABLE_STRICT_OBJC_MSGSEND = YES;
				GCC_C_LANGUAGE_STANDARD = gnu99;
				GCC_NO_COMMON_BLOCKS = YES;
				GCC_WARN_64_TO_32_BIT_CONVERSION = YES;
				GCC_WARN_ABOUT_RETURN_TYPE = YES_ERROR;
				GCC_WARN_UNDECLARED_SELECTOR = YES;
				GCC_WARN_UNINITIALIZED_AUTOS = YES_AGGRESSIVE;
				GCC_WARN_UNUSED_FUNCTION = YES;
				GCC_WARN_UNUSED_VARIABLE = YES;
				IPHONEOS_DEPLOYMENT_TARGET = 8.3;
				MTL_ENABLE_DEBUG_INFO = NO;
				SDKROOT = iphoneos;
				VALIDATE_PRODUCT = YES;
			};
			name = Release;
		};
		6E8964801B10F55B00EACD7A /* Debug */ = {
			isa = XCBuildConfiguration;
			buildSettings = {
				ASSETCATALOG_COMPILER_APPICON_NAME = AppIcon;
				INFOPLIST_FILE = MinhaLocalizacao/Info.plist;
				LD_RUNPATH_SEARCH_PATHS = "$(inherited) @executable_path/Frameworks";
				PRODUCT_NAME = "$(TARGET_NAME)";
			};
			name = Debug;
		};
		6E8964811B10F55B00EACD7A /* Release */ = {
			isa = XCBuildConfiguration;
			buildSettings = {
				ASSETCATALOG_COMPILER_APPICON_NAME = AppIcon;
				INFOPLIST_FILE = MinhaLocalizacao/Info.plist;
				LD_RUNPATH_SEARCH_PATHS = "$(inherited) @executable_path/Frameworks";
				PRODUCT_NAME = "$(TARGET_NAME)";
			};
			name = Release;
		};
		6E8964831B10F55B00EACD7A /* Debug */ = {
			isa = XCBuildConfiguration;
			buildSettings = {
				BUNDLE_LOADER = "$(TEST_HOST)";
				FRAMEWORK_SEARCH_PATHS = (
					"$(SDKROOT)/Developer/Library/Frameworks",
					"$(inherited)",
				);
				GCC_PREPROCESSOR_DEFINITIONS = (
					"DEBUG=1",
					"$(inherited)",
				);
				INFOPLIST_FILE = MinhaLocalizacaoTests/Info.plist;
				LD_RUNPATH_SEARCH_PATHS = "$(inherited) @executable_path/Frameworks @loader_path/Frameworks";
				PRODUCT_NAME = "$(TARGET_NAME)";
				TEST_HOST = "$(BUILT_PRODUCTS_DIR)/MinhaLocalizacao.app/MinhaLocalizacao";
			};
			name = Debug;
		};
		6E8964841B10F55B00EACD7A /* Release */ = {
			isa = XCBuildConfiguration;
			buildSettings = {
				BUNDLE_LOADER = "$(TEST_HOST)";
				FRAMEWORK_SEARCH_PATHS = (
					"$(SDKROOT)/Developer/Library/Frameworks",
					"$(inherited)",
				);
				INFOPLIST_FILE = MinhaLocalizacaoTests/Info.plist;
				LD_RUNPATH_SEARCH_PATHS = "$(inherited) @executable_path/Frameworks @loader_path/Frameworks";
				PRODUCT_NAME = "$(TARGET_NAME)";
				TEST_HOST = "$(BUILT_PRODUCTS_DIR)/MinhaLocalizacao.app/MinhaLocalizacao";
			};
			name = Release;
		};
/* End XCBuildConfiguration section */

/* Begin XCConfigurationList section */
		6E8964571B10F55B00EACD7A /* Build configuration list for PBXProject "MinhaLocalizacao" */ = {
			isa = XCConfigurationList;
			buildConfigurations = (
				6E89647D1B10F55B00EACD7A /* Debug */,
				6E89647E1B10F55B00EACD7A /* Release */,
			);
			defaultConfigurationIsVisible = 0;
			defaultConfigurationName = Release;
		};
		6E89647F1B10F55B00EACD7A /* Build configuration list for PBXNativeTarget "MinhaLocalizacao" */ = {
			isa = XCConfigurationList;
			buildConfigurations = (
				6E8964801B10F55B00EACD7A /* Debug */,
				6E8964811B10F55B00EACD7A /* Release */,
			);
			defaultConfigurationIsVisible = 0;
		};
		6E8964821B10F55B00EACD7A /* Build configuration list for PBXNativeTarget "MinhaLocalizacaoTests" */ = {
			isa = XCConfigurationList;
			buildConfigurations = (
				6E8964831B10F55B00EACD7A /* Debug */,
				6E8964841B10F55B00EACD7A /* Release */,
			);
			defaultConfigurationIsVisible = 0;
		};
/* End XCConfigurationList section */
	};
	rootObject = 6E8964541B10F55B00EACD7A /* Project object */;
}
